# Human-readable source pin manifest. Cargo transitive pins live in rust/Cargo.lock.

[idevice]
repository = "https://github.com/jkcoxson/idevice.git"
commit = "63a341d7f624b5c1f2540e4cecb269151a2caf52"
tree = "ac08b6133eb024eb1a4f06cf25fdd598a79daa72"
license = "MIT"
patch = "patches/idevice-verify-only-privacy-and-bounds.patch"
patch_sha256 = "5974ff80668ccdddda705ee98002f6b0cb55bb22fbf2f95e838277e77cbbb425"
patch_scope = "pair-verify split, private-key log removal, tunnel bounds, fixed Gate 2 DTX handshakes, and fixed Gate 3 XCTestManager proxy-channel open/close"

[localdevvpn_reference_only]
repository = "https://github.com/seomin0610/LocalDevVPN.git"
commit = "467a845f04a4b0936a7fc3dd0b326b49aaf98bdf"
note = "Reference topology only. Its source or entitlement is not compiled into this probe."
